# THIS IS AN AUTOGENERATED FILE. DO NOT EDIT THIS FILE DIRECTLY.
# yarn lockfile v1


"@tauri-apps/cli-darwin-arm64@1.0.0-rc.11":
  version "1.0.0-rc.11"
  resolved "https://registry.yarnpkg.com/@tauri-apps/cli-darwin-arm64/-/cli-darwin-arm64-1.0.0-rc.11.tgz#b032b00db2a6d2923c1f6efb15c4eb6ba07df32b"
  integrity sha512-OiefgwvFmyo/sbZtOo+hYFFGUS5hP3QlAtwDw0AMtGGA6K2QIb8KzMog5hsNcqp8h4vOUJ/0vMy8KdPHRmc90A==

"@tauri-apps/cli-darwin-x64@1.0.0-rc.11":
  version "1.0.0-rc.11"
  resolved "https://registry.yarnpkg.com/@tauri-apps/cli-darwin-x64/-/cli-darwin-x64-1.0.0-rc.11.tgz#689f38790d7d297dc83c00254c0fb51dca908b1f"
  integrity sha512-BA8knn2YTMetiFQiJg60JFhkeA5oexIqCKjOShWNHB3ft0xMGyTfkEjSo/cFHa3ESw54eHP9twhUD/yoXQV0zw==

"@tauri-apps/cli-linux-arm-gnueabihf@1.0.0-rc.11":
  version "1.0.0-rc.11"
  resolved "https://registry.yarnpkg.com/@tauri-apps/cli-linux-arm-gnueabihf/-/cli-linux-arm-gnueabihf-1.0.0-rc.11.tgz#c552dee9bb200a3f2cc32cff660e4fb51d4d59cd"
  integrity sha512-w3W5L0yQIRpH+LKtMNeAGagcVPICHx7x/V9jbSkThdmvoiSIwPc++lyNqr8aQ57rGi947LkoKTARyNSVr87DOA==

"@tauri-apps/cli-linux-arm64-gnu@1.0.0-rc.11":
  version "1.0.0-rc.11"
  resolved "https://registry.yarnpkg.com/@tauri-apps/cli-linux-arm64-gnu/-/cli-linux-arm64-gnu-1.0.0-rc.11.tgz#9db282c7d812a2f0e3812c054df037c33fbd6c50"
  integrity sha512-r6ew6fc8M39zBvanh1gN7JeLWhuyQnp0cuTScd2RvH29gdqx0Ox++AvYd/reLYY9Fxpa8qATkyMbmK+rhwfXRg==

"@tauri-apps/cli-linux-arm64-musl@1.0.0-rc.11":
  version "1.0.0-rc.11"
  resolved "https://registry.yarnpkg.com/@tauri-apps/cli-linux-arm64-musl/-/cli-linux-arm64-musl-1.0.0-rc.11.tgz#5713e556b43d459e9ef77e0197e842ef8beee7c8"
  integrity sha512-2YXU53UK5AU/v5YFXs3/R0UGA2e+/gz8mMLDkKhH3r09g265ycxnkNgOBaEP2ul/rxLG3ZLDZFzDXx3n3pIzFQ==

"@tauri-apps/cli-linux-x64-gnu@1.0.0-rc.11":
  version "1.0.0-rc.11"
  resolved "https://registry.yarnpkg.com/@tauri-apps/cli-linux-x64-gnu/-/cli-linux-x64-gnu-1.0.0-rc.11.tgz#682d4ceff751e0f648b3208104b4f3b8386f9fd9"
  integrity sha512-3yr4QeCQIKdMWxLGa9goBd59DbuFwrnDXJlbA9cYD11jftDdIfFLYJNYJVyoLk7lHhsPh8cVmfEHmEU1By+D7Q==

"@tauri-apps/cli-linux-x64-musl@1.0.0-rc.11":
  version "1.0.0-rc.11"
  resolved "https://registry.yarnpkg.com/@tauri-apps/cli-linux-x64-musl/-/cli-linux-x64-musl-1.0.0-rc.11.tgz#7b62c999847f3403beb64b505f7feafe07447998"
  integrity sha512-JJhVo9XKPin5Pgwm2+/LiCEVTbdGoKJLemP1mu6BZhGh1zMG3+u0Yyqql8+ZfoEU5FinFTELFRhRo7UNaWSCbQ==

"@tauri-apps/cli-win32-ia32-msvc@1.0.0-rc.11":
  version "1.0.0-rc.11"
  resolved "https://registry.yarnpkg.com/@tauri-apps/cli-win32-ia32-msvc/-/cli-win32-ia32-msvc-1.0.0-rc.11.tgz#97be45e587a24369455b2792bc6efdcad2f0ae86"
  integrity sha512-uJn80LUCju2QXhVpchQkN3MlQHXD/4ZNJHMTHtLqiDu6BOifaCWBm7F/xVO1IuZDhs36K4zSOXdmDh684DQJ2w==

"@tauri-apps/cli-win32-x64-msvc@1.0.0-rc.11":
  version "1.0.0-rc.11"
  resolved "https://registry.yarnpkg.com/@tauri-apps/cli-win32-x64-msvc/-/cli-win32-x64-msvc-1.0.0-rc.11.tgz#f16c2ba2d133cc9fef471a8753c7aef147f8452a"
  integrity sha512-f1yS++rZRkVfqcfkGUAgBAihzUBrQwJu+fPkrqu0LpVwfaGMPP58H1IqtLbLGvCTbL8vUekq15gmAMs51eHbtw==

"@tauri-apps/cli@^1.0.0-beta.10":
  version "1.0.0-rc.11"
  resolved "https://registry.yarnpkg.com/@tauri-apps/cli/-/cli-1.0.0-rc.11.tgz#bbbbb234d484482605db33843594765b85cf4084"
  integrity sha512-tTrJiHa0rVyAh9IbuZ9hjEj02MetyoLKeWxQMl3fuDtl1+g1M7pjQqzS0aXLYMGmNYp/qAtj89IzsSpY1JJ9LA==
  optionalDependencies:
    "@tauri-apps/cli-darwin-arm64" "1.0.0-rc.11"
    "@tauri-apps/cli-darwin-x64" "1.0.0-rc.11"
    "@tauri-apps/cli-linux-arm-gnueabihf" "1.0.0-rc.11"
    "@tauri-apps/cli-linux-arm64-gnu" "1.0.0-rc.11"
    "@tauri-apps/cli-linux-arm64-musl" "1.0.0-rc.11"
    "@tauri-apps/cli-linux-x64-gnu" "1.0.0-rc.11"
    "@tauri-apps/cli-linux-x64-musl" "1.0.0-rc.11"
    "@tauri-apps/cli-win32-ia32-msvc" "1.0.0-rc.11"
    "@tauri-apps/cli-win32-x64-msvc" "1.0.0-rc.11"

cross-env@^7.0.3:
  version "7.0.3"
  resolved "https://registry.yarnpkg.com/cross-env/-/cross-env-7.0.3.tgz#865264b29677dc015ba8418918965dd232fc54cf"
  integrity sha512-+/HKd6EgcQCJGh2PSjZuUitQBQynKor4wrFbRg4DtAgS1aWO+gU52xpH7M9ScGgXSYmAVS9bIJ8EzuaGw0oNAw==
  dependencies:
    cross-spawn "^7.0.1"

cross-spawn@^7.0.1:
  version "7.0.3"
  resolved "https://registry.yarnpkg.com/cross-spawn/-/cross-spawn-7.0.3.tgz#f73a85b9d5d41d045551c177e2882d4ac85728a6"
  integrity sha512-iRDPJKUPVEND7dHPO8rkbOnPpyDygcDFtWjpeWNCgy8WP2rXcxXL8TskReQl6OrB2G7+UJrags1q15Fudc7G6w==
  dependencies:
    path-key "^3.1.0"
    shebang-command "^2.0.0"
    which "^2.0.1"

isexe@^2.0.0:
  version "2.0.0"
  resolved "https://registry.yarnpkg.com/isexe/-/isexe-2.0.0.tgz#e8fbf374dc556ff8947a10dcb0572d633f2cfa10"
  integrity sha1-6PvzdNxVb/iUehDcsFctYz8s+hA=

path-key@^3.1.0:
  version "3.1.1"
  resolved "https://registry.yarnpkg.com/path-key/-/path-key-3.1.1.tgz#581f6ade658cbba65a0d3380de7753295054f375"
  integrity sha512-ojmeN0qd+y0jszEtoY48r0Peq5dwMEkIlCOu6Q5f41lfkswXuKtYrhgoTpLnyIcHm24Uhqx+5Tqm2InSwLhE6Q==

shebang-command@^2.0.0:
  version "2.0.0"
  resolved "https://registry.yarnpkg.com/shebang-command/-/shebang-command-2.0.0.tgz#ccd0af4f8835fbdc265b82461aaf0c36663f34ea"
  integrity sha512-kHxr2zZpYtdmrN1qDjrrX/Z1rR1kG8Dx+gkpK1G4eXmvXswmcE1hTWBWYUzlraYw1/yZp6YuDY77YtvbN0dmDA==
  dependencies:
    shebang-regex "^3.0.0"

shebang-regex@^3.0.0:
  version "3.0.0"
  resolved "https://registry.yarnpkg.com/shebang-regex/-/shebang-regex-3.0.0.tgz#ae16f1644d873ecad843b0307b143362d4c42172"
  integrity sha512-7++dFhtcx3353uBaq8DDR4NuxBetBzC7ZQOhmTQInHEd6bSrXdiEyzCvG07Z44UYdLShWUyXt5M/yhz8ekcb1A==

which@^2.0.1:
  version "2.0.2"
  resolved "https://registry.yarnpkg.com/which/-/which-2.0.2.tgz#7c6a8dd0a636a0327e10b59c9286eee93f3f51b1"
  integrity sha512-BLI3Tl1TW3Pvl70l3yq3Y64i+awpwXqsGBYWkkqMtnbXgrMD+yj7rhW0kuEDxzJaYXGjEW5ogapKNMEKNMjibA==
  dependencies:
    isexe "^2.0.0"
